
Microsoft Visual Studio Solution File, Format Version 12.00
# Visual Studio 15
VisualStudioVersion = 15.0.27130.2003
MinimumVisualStudioVersion = 10.0.40219.1
Project("{9A19103F-16F7-4668-BE54-9A1E7A4F7556}") = "CommonTools", "CommonTools\CommonTools.csproj", "{116F4965-552A-43DF-90CB-BA2BE42E253C}"
EndProject
Project("{9A19103F-16F7-4668-BE54-9A1E7A4F7556}") = "CommonTools.Test", "CommonTools.Test\CommonTools.Test.csproj", "{2489296D-E0E5-4AD4-981D-019D8F79BE4C}"
EndProject
Project("{FAE04EC0-301F-11D3-BF4B-00C04F79EFBC}") = "CommonTools.Api", "CommonTools.Api\CommonTools.Api.csproj", "{F835EB04-2561-4772-8520-2FB01E76D9FC}"
EndProject
Project("{2150E333-8FDC-42A3-9474-1A3956D46DE8}") = "CommonTools.UI", "CommonTools.UI", "{F141C9BE-4B0A-44BD-9808-C8989AB79B7E}"
EndProject
Global
	GlobalSection(SolutionConfigurationPlatforms) = preSolution
		Debug|Any CPU = Debug|Any CPU
		Release|Any CPU = Release|Any CPU
	EndGlobalSection
	GlobalSection(ProjectConfigurationPlatforms) = postSolution
		{116F4965-552A-43DF-90CB-BA2BE42E253C}.Debug|Any CPU.ActiveCfg = Debug|Any CPU
		{116F4965-552A-43DF-90CB-BA2BE42E253C}.Debug|Any CPU.Build.0 = Debug|Any CPU
		{116F4965-552A-43DF-90CB-BA2BE42E253C}.Release|Any CPU.ActiveCfg = Release|Any CPU
		{116F4965-552A-43DF-90CB-BA2BE42E253C}.Release|Any CPU.Build.0 = Release|Any CPU
		{2489296D-E0E5-4AD4-981D-019D8F79BE4C}.Debug|Any CPU.ActiveCfg = Debug|Any CPU
		{2489296D-E0E5-4AD4-981D-019D8F79BE4C}.Debug|Any CPU.Build.0 = Debug|Any CPU
		{2489296D-E0E5-4AD4-981D-019D8F79BE4C}.Release|Any CPU.ActiveCfg = Release|Any CPU
		{2489296D-E0E5-4AD4-981D-019D8F79BE4C}.Release|Any CPU.Build.0 = Release|Any CPU
		{F835EB04-2561-4772-8520-2FB01E76D9FC}.Debug|Any CPU.ActiveCfg = Debug|Any CPU
		{F835EB04-2561-4772-8520-2FB01E76D9FC}.Debug|Any CPU.Build.0 = Debug|Any CPU
		{F835EB04-2561-4772-8520-2FB01E76D9FC}.Release|Any CPU.ActiveCfg = Release|Any CPU
		{F835EB04-2561-4772-8520-2FB01E76D9FC}.Release|Any CPU.Build.0 = Release|Any CPU
	EndGlobalSection
	GlobalSection(SolutionProperties) = preSolution
		HideSolutionNode = FALSE
	EndGlobalSection
	GlobalSection(ExtensibilityGlobals) = postSolution
		SolutionGuid = {79E9C4F2-BF3B-43D5-8D07-ABCCFE6F5E69}
	EndGlobalSection
EndGlobal
